
Microsoft Visual Studio Solution File, Format Version 12.00
# Visual Studio Version 17
VisualStudioVersion = 17.5.002.0
MinimumVisualStudioVersion = 10.0.40219.1
Project("{9A19103F-16F7-4668-BE54-9A1E7A4F7556}") = "RalphHo.Console.CodingTracker", "RalphHo.Console.CodingTracker.csproj", "{948BD26D-F7D9-43FE-A2AC-BB87412A9DFB}"
EndProject
Global
	GlobalSection(SolutionConfigurationPlatforms) = preSolution
		Debug|Any CPU = Debug|Any CPU
		Release|Any CPU = Release|Any CPU
	EndGlobalSection
	GlobalSection(ProjectConfigurationPlatforms) = postSolution
		{948BD26D-F7D9-43FE-A2AC-BB87412A9DFB}.Debug|Any CPU.ActiveCfg = Debug|Any CPU
		{948BD26D-F7D9-43FE-A2AC-BB87412A9DFB}.Debug|Any CPU.Build.0 = Debug|Any CPU
		{948BD26D-F7D9-43FE-A2AC-BB87412A9DFB}.Release|Any CPU.ActiveCfg = Release|Any CPU
		{948BD26D-F7D9-43FE-A2AC-BB87412A9DFB}.Release|Any CPU.Build.0 = Release|Any CPU
	EndGlobalSection
	GlobalSection(SolutionProperties) = preSolution
		HideSolutionNode = FALSE
	EndGlobalSection
	GlobalSection(ExtensibilityGlobals) = postSolution
		SolutionGuid = {4516B254-EC1A-4F6F-A5AD-A2B47E0F9B8B}
	EndGlobalSection
EndGlobal
